{
    "deployer/deployer": {
        "version": "v6.4.3"
    },
    "deployer/phar-update": {
        "version": "v2.1.0"
    },
    "doctrine/doctrine-migrations-bundle": {
        "version": "1.2",
        "recipe": {
            "repo": "github.com/symfony/recipes",
            "branch": "master",
            "version": "1.2",
            "ref": "c1431086fec31f17fbcfe6d6d7e92059458facc1"
        },
        "files": [
            "config/packages/doctrine_migrations.yaml",
            "src/Migrations/.gitignore"
        ]
    },
    "doctrine/migrations": {
        "version": "v2.0.0"
    },
    "ocramius/package-versions": {
        "version": "1.4.0"
    },
    "ocramius/proxy-manager": {
        "version": "2.1.1"
    },
    "pimple/pimple": {
        "version": "v3.2.3"
    },
    "symfony/stopwatch": {
        "version": "v4.2.6"
    },
    "zendframework/zend-code": {
        "version": "3.3.1"
    },
    "zendframework/zend-eventmanager": {
        "version": "3.2.1"
    }
}
